dependencies:
- name: postgresql
  repository: https://kubernetes-charts.storage.googleapis.com
  version: 6.3.9
- name: prometheus
  repository: https://kubernetes-charts.storage.googleapis.com
  version: 9.1.1
- name: grafana
  repository: https://kubernetes-charts.storage.googleapis.com
  version: 3.8.15
digest: sha256:e9e04aad3577b6c00b93d1b7809c2d94afbda51cfc892d5be9da26257c34ed2e
generated: "2019-09-24T19:55:29.712397+01:00"
